
Microsoft Visual Studio Solution File, Format Version 12.00
# Visual Studio 15
VisualStudioVersion = 15.0.28307.1831
MinimumVisualStudioVersion = 10.0.40219.1
Project("{FAE04EC0-301F-11D3-BF4B-00C04F79EFBC}") = "final2Tekrar", "final2Tekrar\final2Tekrar.csproj", "{7E0EE8B2-349F-43E6-9DF6-96A5B3D69083}"
EndProject
Global
	GlobalSection(SolutionConfigurationPlatforms) = preSolution
		Debug|Any CPU = Debug|Any CPU
		Release|Any CPU = Release|Any CPU
	EndGlobalSection
	GlobalSection(ProjectConfigurationPlatforms) = postSolution
		{7E0EE8B2-349F-43E6-9DF6-96A5B3D69083}.Debug|Any CPU.ActiveCfg = Debug|Any CPU
		{7E0EE8B2-349F-43E6-9DF6-96A5B3D69083}.Debug|Any CPU.Build.0 = Debug|Any CPU
		{7E0EE8B2-349F-43E6-9DF6-96A5B3D69083}.Release|Any CPU.ActiveCfg = Release|Any CPU
		{7E0EE8B2-349F-43E6-9DF6-96A5B3D69083}.Release|Any CPU.Build.0 = Release|Any CPU
	EndGlobalSection
	GlobalSection(SolutionProperties) = preSolution
		HideSolutionNode = FALSE
	EndGlobalSection
	GlobalSection(ExtensibilityGlobals) = postSolution
		SolutionGuid = {2169E4E0-217E-4487-A9AC-E02C09BF3846}
	EndGlobalSection
EndGlobal
